PODS:
  - Alamofire (5.10.2)
  - SnapKit (5.7.1)
  - SwiftyStoreKit (0.16.1)

DEPENDENCIES:
  - Alamofire
  - SnapKit
  - SwiftyStoreKit

SPEC REPOS:
  trunk:
    - Alamofire
    - SnapKit
    - SwiftyStoreKit

SPEC CHECKSUMS:
  Alamofire: 7193b3b92c74a07f85569e1a6c4f4237291e7496
  SnapKit: d612e99e678a2d3b95bf60b0705ed0a35c03484a
  SwiftyStoreKit: 6b9c08810269f030586dac1fae8e75871a82e84a

PODFILE CHECKSUM: 9c0c086a0fb31fc1c0383cfae34225c35cb26524

COCOAPODS: 1.16.2
